
Microsoft Visual Studio Solution File, Format Version 12.00
# Visual Studio Version 17
VisualStudioVersion = 17.9.34728.123
MinimumVisualStudioVersion = 10.0.40219.1
Project("{FAE04EC0-301F-11D3-BF4B-00C04F79EFBC}") = "AspNetMvc3", "AspNetMvc3\AspNetMvc3.csproj", "{B7CE9320-61D3-4F7E-B239-17F1AB51B28D}"
EndProject
Global
	GlobalSection(SolutionConfigurationPlatforms) = preSolution
		Debug|Any CPU = Debug|Any CPU
		Release|Any CPU = Release|Any CPU
	EndGlobalSection
	GlobalSection(ProjectConfigurationPlatforms) = postSolution
		{B7CE9320-61D3-4F7E-B239-17F1AB51B28D}.Debug|Any CPU.ActiveCfg = Debug|Any CPU
		{B7CE9320-61D3-4F7E-B239-17F1AB51B28D}.Debug|Any CPU.Build.0 = Debug|Any CPU
		{B7CE9320-61D3-4F7E-B239-17F1AB51B28D}.Release|Any CPU.ActiveCfg = Release|Any CPU
		{B7CE9320-61D3-4F7E-B239-17F1AB51B28D}.Release|Any CPU.Build.0 = Release|Any CPU
	EndGlobalSection
	GlobalSection(SolutionProperties) = preSolution
		HideSolutionNode = FALSE
	EndGlobalSection
	GlobalSection(ExtensibilityGlobals) = postSolution
		SolutionGuid = {1C8EEA0B-B32E-423D-8F18-7BF957766F0A}
	EndGlobalSection
EndGlobal
